
Microsoft Visual Studio Solution File, Format Version 12.00
# Visual Studio 2013
VisualStudioVersion = 12.0.31101.0
MinimumVisualStudioVersion = 10.0.40219.1
Project("{2150E333-8FDC-42A3-9474-1A3956D46DE8}") = "PresentationLayer", "PresentationLayer", "{3F346AF3-E272-4407-9C97-E81F83969A87}"
EndProject
Project("{2150E333-8FDC-42A3-9474-1A3956D46DE8}") = "BusinessLayer", "BusinessLayer", "{F3890576-EDDE-4CEC-B9D9-8E746C9F6CA2}"
EndProject
Project("{2150E333-8FDC-42A3-9474-1A3956D46DE8}") = "CommonLayer", "CommonLayer", "{7E4F8F3A-16A9-48CC-8151-3D3AA9AA75E3}"
EndProject
Project("{2150E333-8FDC-42A3-9474-1A3956D46DE8}") = "DataLayer", "DataLayer", "{16D2CC6E-0EB9-4C94-B324-45B3370D69D7}"
EndProject
Project("{2150E333-8FDC-42A3-9474-1A3956D46DE8}") = "EntityLayer", "EntityLayer", "{F003CA25-3E38-47C5-BE98-3ED56263B436}"
EndProject
Project("{2150E333-8FDC-42A3-9474-1A3956D46DE8}") = "packages", "packages", "{6DDD43BF-F2AE-48F0-8353-9C75DA2B1449}"
EndProject
Project("{FAE04EC0-301F-11D3-BF4B-00C04F79EFBC}") = "Trip.Order.Services", "PresentationLayer\Trip.Order.Services\Trip.Order.Services.csproj", "{C91B673D-8381-4A01-94EC-EFCE4DDDA683}"
EndProject
Project("{FAE04EC0-301F-11D3-BF4B-00C04F79EFBC}") = "Trip.Order.BO", "EntityLayer\Trip.Order.BO\Trip.Order.BO.csproj", "{79B3988E-B7F1-45D9-AD24-3D10B351BF31}"
EndProject
Project("{FAE04EC0-301F-11D3-BF4B-00C04F79EFBC}") = "Trip.Order.DTO", "EntityLayer\Trip.Order.DTO\Trip.Order.DTO.csproj", "{6BD868BB-D11A-4EA9-A2AD-B10CF818398C}"
EndProject
Project("{FAE04EC0-301F-11D3-BF4B-00C04F79EFBC}") = "Trip.Order.Entity", "EntityLayer\Trip.Order.Entity\Trip.Order.Entity.csproj", "{0905C7DD-E7D5-4187-AFA7-EAD42B98220A}"
EndProject
Project("{FAE04EC0-301F-11D3-BF4B-00C04F79EFBC}") = "Trip.Order.Utility", "CommonLayer\Trip.Order.Utility\Trip.Order.Utility.csproj", "{94B25310-8D6A-4E04-81BE-0F9BE6DE0696}"
EndProject
Project("{FAE04EC0-301F-11D3-BF4B-00C04F79EFBC}") = "Trip.Order.MSSQLDB", "DataLayer\Trip.Order.MSSQLDB\Trip.Order.MSSQLDB.csproj", "{ECA59BF8-E0C9-4A47-874A-616DDB0E7636}"
EndProject
Project("{FAE04EC0-301F-11D3-BF4B-00C04F79EFBC}") = "Trip.Order.WSAgent", "DataLayer\Trip.Order.WSAgent\Trip.Order.WSAgent.csproj", "{0CF401AB-9705-4630-ABFA-A8269590730E}"
EndProject
Project("{FAE04EC0-301F-11D3-BF4B-00C04F79EFBC}") = "Trip.Order.MongoDB", "DataLayer\Trip.Order.MongoDB\Trip.Order.MongoDB.csproj", "{586B0892-3950-4C2D-A388-473C2B808C6E}"
EndProject
Project("{FAE04EC0-301F-11D3-BF4B-00C04F79EFBC}") = "Trip.Order.MySQLDB", "DataLayer\Trip.Order.MySQLDB\Trip.Order.MySQLDB.csproj", "{170EACFA-37EF-422D-BB85-ECEC83DCC121}"
EndProject
Project("{FAE04EC0-301F-11D3-BF4B-00C04F79EFBC}") = "Trip.Order.Business", "BusinessLayer\Trip.Order.Business\Trip.Order.Business.csproj", "{96EA7429-A1E0-4A52-9CD9-9263F523ED21}"
EndProject
Global
	GlobalSection(SolutionConfigurationPlatforms) = preSolution
		Debug|Any CPU = Debug|Any CPU
		Release|Any CPU = Release|Any CPU
	EndGlobalSection
	GlobalSection(ProjectConfigurationPlatforms) = postSolution
		{C91B673D-8381-4A01-94EC-EFCE4DDDA683}.Debug|Any CPU.ActiveCfg = Debug|Any CPU
		{C91B673D-8381-4A01-94EC-EFCE4DDDA683}.Debug|Any CPU.Build.0 = Debug|Any CPU
		{C91B673D-8381-4A01-94EC-EFCE4DDDA683}.Release|Any CPU.ActiveCfg = Release|Any CPU
		{C91B673D-8381-4A01-94EC-EFCE4DDDA683}.Release|Any CPU.Build.0 = Release|Any CPU
		{79B3988E-B7F1-45D9-AD24-3D10B351BF31}.Debug|Any CPU.ActiveCfg = Debug|Any CPU
		{79B3988E-B7F1-45D9-AD24-3D10B351BF31}.Debug|Any CPU.Build.0 = Debug|Any CPU
		{79B3988E-B7F1-45D9-AD24-3D10B351BF31}.Release|Any CPU.ActiveCfg = Release|Any CPU
		{79B3988E-B7F1-45D9-AD24-3D10B351BF31}.Release|Any CPU.Build.0 = Release|Any CPU
		{6BD868BB-D11A-4EA9-A2AD-B10CF818398C}.Debug|Any CPU.ActiveCfg = Debug|Any CPU
		{6BD868BB-D11A-4EA9-A2AD-B10CF818398C}.Debug|Any CPU.Build.0 = Debug|Any CPU
		{6BD868BB-D11A-4EA9-A2AD-B10CF818398C}.Release|Any CPU.ActiveCfg = Release|Any CPU
		{6BD868BB-D11A-4EA9-A2AD-B10CF818398C}.Release|Any CPU.Build.0 = Release|Any CPU
		{0905C7DD-E7D5-4187-AFA7-EAD42B98220A}.Debug|Any CPU.ActiveCfg = Debug|Any CPU
		{0905C7DD-E7D5-4187-AFA7-EAD42B98220A}.Debug|Any CPU.Build.0 = Debug|Any CPU
		{0905C7DD-E7D5-4187-AFA7-EAD42B98220A}.Release|Any CPU.ActiveCfg = Release|Any CPU
		{0905C7DD-E7D5-4187-AFA7-EAD42B98220A}.Release|Any CPU.Build.0 = Release|Any CPU
		{94B25310-8D6A-4E04-81BE-0F9BE6DE0696}.Debug|Any CPU.ActiveCfg = Debug|Any CPU
		{94B25310-8D6A-4E04-81BE-0F9BE6DE0696}.Debug|Any CPU.Build.0 = Debug|Any CPU
		{94B25310-8D6A-4E04-81BE-0F9BE6DE0696}.Release|Any CPU.ActiveCfg = Release|Any CPU
		{94B25310-8D6A-4E04-81BE-0F9BE6DE0696}.Release|Any CPU.Build.0 = Release|Any CPU
		{ECA59BF8-E0C9-4A47-874A-616DDB0E7636}.Debug|Any CPU.ActiveCfg = Debug|Any CPU
		{ECA59BF8-E0C9-4A47-874A-616DDB0E7636}.Debug|Any CPU.Build.0 = Debug|Any CPU
		{ECA59BF8-E0C9-4A47-874A-616DDB0E7636}.Release|Any CPU.ActiveCfg = Release|Any CPU
		{ECA59BF8-E0C9-4A47-874A-616DDB0E7636}.Release|Any CPU.Build.0 = Release|Any CPU
		{0CF401AB-9705-4630-ABFA-A8269590730E}.Debug|Any CPU.ActiveCfg = Debug|Any CPU
		{0CF401AB-9705-4630-ABFA-A8269590730E}.Debug|Any CPU.Build.0 = Debug|Any CPU
		{0CF401AB-9705-4630-ABFA-A8269590730E}.Release|Any CPU.ActiveCfg = Release|Any CPU
		{0CF401AB-9705-4630-ABFA-A8269590730E}.Release|Any CPU.Build.0 = Release|Any CPU
		{586B0892-3950-4C2D-A388-473C2B808C6E}.Debug|Any CPU.ActiveCfg = Debug|Any CPU
		{586B0892-3950-4C2D-A388-473C2B808C6E}.Debug|Any CPU.Build.0 = Debug|Any CPU
		{586B0892-3950-4C2D-A388-473C2B808C6E}.Release|Any CPU.ActiveCfg = Release|Any CPU
		{586B0892-3950-4C2D-A388-473C2B808C6E}.Release|Any CPU.Build.0 = Release|Any CPU
		{170EACFA-37EF-422D-BB85-ECEC83DCC121}.Debug|Any CPU.ActiveCfg = Debug|Any CPU
		{170EACFA-37EF-422D-BB85-ECEC83DCC121}.Debug|Any CPU.Build.0 = Debug|Any CPU
		{170EACFA-37EF-422D-BB85-ECEC83DCC121}.Release|Any CPU.ActiveCfg = Release|Any CPU
		{170EACFA-37EF-422D-BB85-ECEC83DCC121}.Release|Any CPU.Build.0 = Release|Any CPU
		{96EA7429-A1E0-4A52-9CD9-9263F523ED21}.Debug|Any CPU.ActiveCfg = Debug|Any CPU
		{96EA7429-A1E0-4A52-9CD9-9263F523ED21}.Debug|Any CPU.Build.0 = Debug|Any CPU
		{96EA7429-A1E0-4A52-9CD9-9263F523ED21}.Release|Any CPU.ActiveCfg = Release|Any CPU
		{96EA7429-A1E0-4A52-9CD9-9263F523ED21}.Release|Any CPU.Build.0 = Release|Any CPU
	EndGlobalSection
	GlobalSection(SolutionProperties) = preSolution
		HideSolutionNode = FALSE
	EndGlobalSection
	GlobalSection(NestedProjects) = preSolution
		{C91B673D-8381-4A01-94EC-EFCE4DDDA683} = {3F346AF3-E272-4407-9C97-E81F83969A87}
		{79B3988E-B7F1-45D9-AD24-3D10B351BF31} = {F003CA25-3E38-47C5-BE98-3ED56263B436}
		{6BD868BB-D11A-4EA9-A2AD-B10CF818398C} = {F003CA25-3E38-47C5-BE98-3ED56263B436}
		{0905C7DD-E7D5-4187-AFA7-EAD42B98220A} = {F003CA25-3E38-47C5-BE98-3ED56263B436}
		{94B25310-8D6A-4E04-81BE-0F9BE6DE0696} = {7E4F8F3A-16A9-48CC-8151-3D3AA9AA75E3}
		{ECA59BF8-E0C9-4A47-874A-616DDB0E7636} = {16D2CC6E-0EB9-4C94-B324-45B3370D69D7}
		{0CF401AB-9705-4630-ABFA-A8269590730E} = {16D2CC6E-0EB9-4C94-B324-45B3370D69D7}
		{586B0892-3950-4C2D-A388-473C2B808C6E} = {16D2CC6E-0EB9-4C94-B324-45B3370D69D7}
		{170EACFA-37EF-422D-BB85-ECEC83DCC121} = {16D2CC6E-0EB9-4C94-B324-45B3370D69D7}
		{96EA7429-A1E0-4A52-9CD9-9263F523ED21} = {F3890576-EDDE-4CEC-B9D9-8E746C9F6CA2}
	EndGlobalSection
EndGlobal
